// !$*UTF8*$!
{
	archiveVersion = 1;
	classes = {
	};
	objectVersion = 56;
	objects = {

/* Begin PBXBuildFile section */
		5577FAC22B7135C300F6E106 /* WorldOfPAYBACKApp.swift in Sources */ = {isa = PBXBuildFile; fileRef = 5577FAC12B7135C300F6E106 /* WorldOfPAYBACKApp.swift */; };
		5577FAC42B7135C300F6E106 /* ContentView.swift in Sources */ = {isa = PBXBuildFile; fileRef = 5577FAC32B7135C300F6E106 /* ContentView.swift */; };
		5577FAC62B7135C600F6E106 /* Assets.xcassets in Resources */ = {isa = PBXBuildFile; fileRef = 5577FAC52B7135C600F6E106 /* Assets.xcassets */; };
		5577FAC92B7135C600F6E106 /* Preview Assets.xcassets in Resources */ = {isa = PBXBuildFile; fileRef = 5577FAC82B7135C600F6E106 /* Preview Assets.xcassets */; };
		5577FAD32B7221C500F6E106 /* TransactionsView.swift in Sources */ = {isa = PBXBuildFile; fileRef = 5577FAD22B7221C500F6E106 /* TransactionsView.swift */; };
		5577FAD72B72220C00F6E106 /* Transaction.swift in Sources */ = {isa = PBXBuildFile; fileRef = 5577FAD62B72220C00F6E106 /* Transaction.swift */; };
		5577FADA2B72258800F6E106 /* TransactionsViewModel.swift in Sources */ = {isa = PBXBuildFile; fileRef = 5577FAD92B72258800F6E106 /* TransactionsViewModel.swift */; };
		5577FADC2B72285D00F6E106 /* TransactionItem.swift in Sources */ = {isa = PBXBuildFile; fileRef = 5577FADB2B72285D00F6E106 /* TransactionItem.swift */; };
		5577FADE2B72401700F6E106 /* TransactionsServiceFake.swift in Sources */ = {isa = PBXBuildFile; fileRef = 5577FADD2B72401700F6E106 /* TransactionsServiceFake.swift */; };
		5577FAE02B72409C00F6E106 /* TransactionsServiceProtocol.swift in Sources */ = {isa = PBXBuildFile; fileRef = 5577FADF2B72409C00F6E106 /* TransactionsServiceProtocol.swift */; };
		5577FAE22B725B4000F6E106 /* PBTransactions.json in Resources */ = {isa = PBXBuildFile; fileRef = 5577FAE12B725B3F00F6E106 /* PBTransactions.json */; };
/* End PBXBuildFile section */

/* Begin PBXFileReference section */
		5577FABE2B7135C300F6E106 /* WorldOfPAYBACK.app */ = {isa = PBXFileReference; explicitFileType = wrapper.application; includeInIndex = 0; path = WorldOfPAYBACK.app; sourceTree = BUILT_PRODUCTS_DIR; };
		5577FAC12B7135C300F6E106 /* WorldOfPAYBACKApp.swift */ = {isa = PBXFileReference; lastKnownFileType = sourcecode.swift; path = WorldOfPAYBACKApp.swift; sourceTree = "<group>"; };
		5577FAC32B7135C300F6E106 /* ContentView.swift */ = {isa = PBXFileReference; lastKnownFileType = sourcecode.swift; path = ContentView.swift; sourceTree = "<group>"; };
		5577FAC52B7135C600F6E106 /* Assets.xcassets */ = {isa = PBXFileReference; lastKnownFileType = folder.assetcatalog; path = Assets.xcassets; sourceTree = "<group>"; };
		5577FAC82B7135C600F6E106 /* Preview Assets.xcassets */ = {isa = PBXFileReference; lastKnownFileType = folder.assetcatalog; path = "Preview Assets.xcassets"; sourceTree = "<group>"; };
		5577FAD22B7221C500F6E106 /* TransactionsView.swift */ = {isa = PBXFileReference; lastKnownFileType = sourcecode.swift; path = TransactionsView.swift; sourceTree = "<group>"; };
		5577FAD62B72220C00F6E106 /* Transaction.swift */ = {isa = PBXFileReference; lastKnownFileType = sourcecode.swift; path = Transaction.swift; sourceTree = "<group>"; };
		5577FAD92B72258800F6E106 /* TransactionsViewModel.swift */ = {isa = PBXFileReference; lastKnownFileType = sourcecode.swift; path = TransactionsViewModel.swift; sourceTree = "<group>"; };
		5577FADB2B72285D00F6E106 /* TransactionItem.swift */ = {isa = PBXFileReference; lastKnownFileType = sourcecode.swift; path = TransactionItem.swift; sourceTree = "<group>"; };
		5577FADD2B72401700F6E106 /* TransactionsServiceFake.swift */ = {isa = PBXFileReference; lastKnownFileType = sourcecode.swift; path = TransactionsServiceFake.swift; sourceTree = "<group>"; };
		5577FADF2B72409C00F6E106 /* TransactionsServiceProtocol.swift */ = {isa = PBXFileReference; lastKnownFileType = sourcecode.swift; path = TransactionsServiceProtocol.swift; sourceTree = "<group>"; };
		5577FAE12B725B3F00F6E106 /* PBTransactions.json */ = {isa = PBXFileReference; fileEncoding = 4; lastKnownFileType = text.json; path = PBTransactions.json; sourceTree = "<group>"; };
/* End PBXFileReference section */

/* Begin PBXFrameworksBuildPhase section */
		5577FABB2B7135C300F6E106 /* Frameworks */ = {
			isa = PBXFrameworksBuildPhase;
			buildActionMask = 2147483647;
			files = (
			);
			runOnlyForDeploymentPostprocessing = 0;
		};
/* End PBXFrameworksBuildPhase section */

/* Begin PBXGroup section */
		5577FAB52B7135C300F6E106 = {
			isa = PBXGroup;
			children = (
				5577FAC02B7135C300F6E106 /* WorldOfPAYBACK */,
				5577FABF2B7135C300F6E106 /* Products */,
			);
			sourceTree = "<group>";
		};
		5577FABF2B7135C300F6E106 /* Products */ = {
			isa = PBXGroup;
			children = (
				5577FABE2B7135C300F6E106 /* WorldOfPAYBACK.app */,
			);
			name = Products;
			sourceTree = "<group>";
		};
		5577FAC02B7135C300F6E106 /* WorldOfPAYBACK */ = {
			isa = PBXGroup;
			children = (
				5577FACF2B72203F00F6E106 /* TransactionsScreen */,
				5577FAC12B7135C300F6E106 /* WorldOfPAYBACKApp.swift */,
				5577FAC32B7135C300F6E106 /* ContentView.swift */,
				5577FAE12B725B3F00F6E106 /* PBTransactions.json */,
				5577FAC52B7135C600F6E106 /* Assets.xcassets */,
				5577FAC72B7135C600F6E106 /* Preview Content */,
			);
			path = WorldOfPAYBACK;
			sourceTree = "<group>";
		};
		5577FAC72B7135C600F6E106 /* Preview Content */ = {
			isa = PBXGroup;
			children = (
				5577FAC82B7135C600F6E106 /* Preview Assets.xcassets */,
			);
			path = "Preview Content";
			sourceTree = "<group>";
		};
		5577FACF2B72203F00F6E106 /* TransactionsScreen */ = {
			isa = PBXGroup;
			children = (
				5577FAD42B7221EA00F6E106 /* View */,
				5577FAD82B72256600F6E106 /* ViewModel */,
				5577FAD52B7221F700F6E106 /* Model */,
			);
			path = TransactionsScreen;
			sourceTree = "<group>";
		};
		5577FAD42B7221EA00F6E106 /* View */ = {
			isa = PBXGroup;
			children = (
				5577FAD22B7221C500F6E106 /* TransactionsView.swift */,
			);
			path = View;
			sourceTree = "<group>";
		};
		5577FAD52B7221F700F6E106 /* Model */ = {
			isa = PBXGroup;
			children = (
				5577FAD62B72220C00F6E106 /* Transaction.swift */,
				5577FADD2B72401700F6E106 /* TransactionsServiceFake.swift */,
				5577FADF2B72409C00F6E106 /* TransactionsServiceProtocol.swift */,
			);
			path = Model;
			sourceTree = "<group>";
		};
		5577FAD82B72256600F6E106 /* ViewModel */ = {
			isa = PBXGroup;
			children = (
				5577FAD92B72258800F6E106 /* TransactionsViewModel.swift */,
				5577FADB2B72285D00F6E106 /* TransactionItem.swift */,
			);
			path = ViewModel;
			sourceTree = "<group>";
		};
/* End PBXGroup section */

/* Begin PBXNativeTarget section */
		5577FABD2B7135C300F6E106 /* WorldOfPAYBACK */ = {
			isa = PBXNativeTarget;
			buildConfigurationList = 5577FACC2B7135C600F6E106 /* Build configuration list for PBXNativeTarget "WorldOfPAYBACK" */;
			buildPhases = (
				5577FABA2B7135C300F6E106 /* Sources */,
				5577FABB2B7135C300F6E106 /* Frameworks */,
				5577FABC2B7135C300F6E106 /* Resources */,
			);
			buildRules = (
			);
			dependencies = (
			);
			name = WorldOfPAYBACK;
			productName = WorldOfPAYBACK;
			productReference = 5577FABE2B7135C300F6E106 /* WorldOfPAYBACK.app */;
			productType = "com.apple.product-type.application";
		};
/* End PBXNativeTarget section */

/* Begin PBXProject section */
		5577FAB62B7135C300F6E106 /* Project object */ = {
			isa = PBXProject;
			attributes = {
				BuildIndependentTargetsInParallel = 1;
				LastSwiftUpdateCheck = 1520;
				LastUpgradeCheck = 1520;
				TargetAttributes = {
					5577FABD2B7135C300F6E106 = {
						CreatedOnToolsVersion = 15.2;
					};
				};
			};
			buildConfigurationList = 5577FAB92B7135C300F6E106 /* Build configuration list for PBXProject "WorldOfPAYBACK" */;
			compatibilityVersion = "Xcode 14.0";
			developmentRegion = en;
			hasScannedForEncodings = 0;
			knownRegions = (
				en,
				Base,
			);
			mainGroup = 5577FAB52B7135C300F6E106;
			productRefGroup = 5577FABF2B7135C300F6E106 /* Products */;
			projectDirPath = "";
			projectRoot = "";
			targets = (
				5577FABD2B7135C300F6E106 /* WorldOfPAYBACK */,
			);
		};
/* End PBXProject section */

/* Begin PBXResourcesBuildPhase section */
		5577FABC2B7135C300F6E106 /* Resources */ = {
			isa = PBXResourcesBuildPhase;
			buildActionMask = 2147483647;
			files = (
				5577FAC92B7135C600F6E106 /* Preview Assets.xcassets in Resources */,
				5577FAE22B725B4000F6E106 /* PBTransactions.json in Resources */,
				5577FAC62B7135C600F6E106 /* Assets.xcassets in Resources */,
			);
			runOnlyForDeploymentPostprocessing = 0;
		};
/* End PBXResourcesBuildPhase section */

/* Begin PBXSourcesBuildPhase section */
		5577FABA2B7135C300F6E106 /* Sources */ = {
			isa = PBXSourcesBuildPhase;
			buildActionMask = 2147483647;
			files = (
				5577FAE02B72409C00F6E106 /* TransactionsServiceProtocol.swift in Sources */,
				5577FAC42B7135C300F6E106 /* ContentView.swift in Sources */,
				5577FADC2B72285D00F6E106 /* TransactionItem.swift in Sources */,
				5577FADA2B72258800F6E106 /* TransactionsViewModel.swift in Sources */,
				5577FAC22B7135C300F6E106 /* WorldOfPAYBACKApp.swift in Sources */,
				5577FAD72B72220C00F6E106 /* Transaction.swift in Sources */,
				5577FADE2B72401700F6E106 /* TransactionsServiceFake.swift in Sources */,
				5577FAD32B7221C500F6E106 /* TransactionsView.swift in Sources */,
			);
			runOnlyForDeploymentPostprocessing = 0;
		};
/* End PBXSourcesBuildPhase section */

/* Begin XCBuildConfiguration section */
		5577FACA2B7135C600F6E106 /* Debug */ = {
			isa = XCBuildConfiguration;
			buildSettings = {
				ALWAYS_SEARCH_USER_PATHS = NO;
				ASSETCATALOG_COMPILER_GENERATE_SWIFT_ASSET_SYMBOL_EXTENSIONS = YES;
				CLANG_ANALYZER_NONNULL = YES;
				CLANG_ANALYZER_NUMBER_OBJECT_CONVERSION = YES_AGGRESSIVE;
				CLANG_CXX_LANGUAGE_STANDARD = "gnu++20";
				CLANG_ENABLE_MODULES = YES;
				CLANG_ENABLE_OBJC_ARC = YES;
				CLANG_ENABLE_OBJC_WEAK = YES;
				CLANG_WARN_BLOCK_CAPTURE_AUTORELEASING = YES;
				CLANG_WARN_BOOL_CONVERSION = YES;
				CLANG_WARN_COMMA = YES;
				CLANG_WARN_CONSTANT_CONVERSION = YES;
				CLANG_WARN_DEPRECATED_OBJC_IMPLEMENTATIONS = YES;
				CLANG_WARN_DIRECT_OBJC_ISA_USAGE = YES_ERROR;
				CLANG_WARN_DOCUMENTATION_COMMENTS = YES;
				CLANG_WARN_EMPTY_BODY = YES;
				CLANG_WARN_ENUM_CONVERSION = YES;
				CLANG_WARN_INFINITE_RECURSION = YES;
				CLANG_WARN_INT_CONVERSION = YES;
				CLANG_WARN_NON_LITERAL_NULL_CONVERSION = YES;
				CLANG_WARN_OBJC_IMPLICIT_RETAIN_SELF = YES;
				CLANG_WARN_OBJC_LITERAL_CONVERSION = YES;
				CLANG_WARN_OBJC_ROOT_CLASS = YES_ERROR;
				CLANG_WARN_QUOTED_INCLUDE_IN_FRAMEWORK_HEADER = YES;
				CLANG_WARN_RANGE_LOOP_ANALYSIS = YES;
				CLANG_WARN_STRICT_PROTOTYPES = YES;
				CLANG_WARN_SUSPICIOUS_MOVE = YES;
				CLANG_WARN_UNGUARDED_AVAILABILITY = YES_AGGRESSIVE;
				CLANG_WARN_UNREACHABLE_CODE = YES;
				CLANG_WARN__DUPLICATE_METHOD_MATCH = YES;
				COPY_PHASE_STRIP = NO;
				DEBUG_INFORMATION_FORMAT = dwarf;
				ENABLE_STRICT_OBJC_MSGSEND = YES;
				ENABLE_TESTABILITY = YES;
				ENABLE_USER_SCRIPT_SANDBOXING = YES;
				GCC_C_LANGUAGE_STANDARD = gnu17;
				GCC_DYNAMIC_NO_PIC = NO;
				GCC_NO_COMMON_BLOCKS = YES;
				GCC_OPTIMIZATION_LEVEL = 0;
				GCC_PREPROCESSOR_DEFINITIONS = (
					"DEBUG=1",
					"$(inherited)",
				);
				GCC_WARN_64_TO_32_BIT_CONVERSION = YES;
				GCC_WARN_ABOUT_RETURN_TYPE = YES_ERROR;
				GCC_WARN_UNDECLARED_SELECTOR = YES;
				GCC_WARN_UNINITIALIZED_AUTOS = YES_AGGRESSIVE;
				GCC_WARN_UNUSED_FUNCTION = YES;
				GCC_WARN_UNUSED_VARIABLE = YES;
				IPHONEOS_DEPLOYMENT_TARGET = 17.2;
				LOCALIZATION_PREFERS_STRING_CATALOGS = YES;
				MTL_ENABLE_DEBUG_INFO = INCLUDE_SOURCE;
				MTL_FAST_MATH = YES;
				ONLY_ACTIVE_ARCH = YES;
				SDKROOT = iphoneos;
				SWIFT_ACTIVE_COMPILATION_CONDITIONS = "DEBUG $(inherited)";
				SWIFT_OPTIMIZATION_LEVEL = "-Onone";
			};
			name = Debug;
		};
		5577FACB2B7135C600F6E106 /* Release */ = {
			isa = XCBuildConfiguration;
			buildSettings = {
				ALWAYS_SEARCH_USER_PATHS = NO;
				ASSETCATALOG_COMPILER_GENERATE_SWIFT_ASSET_SYMBOL_EXTENSIONS = YES;
				CLANG_ANALYZER_NONNULL = YES;
				CLANG_ANALYZER_NUMBER_OBJECT_CONVERSION = YES_AGGRESSIVE;
				CLANG_CXX_LANGUAGE_STANDARD = "gnu++20";
				CLANG_ENABLE_MODULES = YES;
				CLANG_ENABLE_OBJC_ARC = YES;
				CLANG_ENABLE_OBJC_WEAK = YES;
				CLANG_WARN_BLOCK_CAPTURE_AUTORELEASING = YES;
				CLANG_WARN_BOOL_CONVERSION = YES;
				CLANG_WARN_COMMA = YES;
				CLANG_WARN_CONSTANT_CONVERSION = YES;
				CLANG_WARN_DEPRECATED_OBJC_IMPLEMENTATIONS = YES;
				CLANG_WARN_DIRECT_OBJC_ISA_USAGE = YES_ERROR;
				CLANG_WARN_DOCUMENTATION_COMMENTS = YES;
				CLANG_WARN_EMPTY_BODY = YES;
				CLANG_WARN_ENUM_CONVERSION = YES;
				CLANG_WARN_INFINITE_RECURSION = YES;
				CLANG_WARN_INT_CONVERSION = YES;
				CLANG_WARN_NON_LITERAL_NULL_CONVERSION = YES;
				CLANG_WARN_OBJC_IMPLICIT_RETAIN_SELF = YES;
				CLANG_WARN_OBJC_LITERAL_CONVERSION = YES;
				CLANG_WARN_OBJC_ROOT_CLASS = YES_ERROR;
				CLANG_WARN_QUOTED_INCLUDE_IN_FRAMEWORK_HEADER = YES;
				CLANG_WARN_RANGE_LOOP_ANALYSIS = YES;
				CLANG_WARN_STRICT_PROTOTYPES = YES;
				CLANG_WARN_SUSPICIOUS_MOVE = YES;
				CLANG_WARN_UNGUARDED_AVAILABILITY = YES_AGGRESSIVE;
				CLANG_WARN_UNREACHABLE_CODE = YES;
				CLANG_WARN__DUPLICATE_METHOD_MATCH = YES;
				COPY_PHASE_STRIP = NO;
				DEBUG_INFORMATION_FORMAT = "dwarf-with-dsym";
				ENABLE_NS_ASSERTIONS = NO;
				ENABLE_STRICT_OBJC_MSGSEND = YES;
				ENABLE_USER_SCRIPT_SANDBOXING = YES;
				GCC_C_LANGUAGE_STANDARD = gnu17;
				GCC_NO_COMMON_BLOCKS = YES;
				GCC_WARN_64_TO_32_BIT_CONVERSION = YES;
				GCC_WARN_ABOUT_RETURN_TYPE = YES_ERROR;
				GCC_WARN_UNDECLARED_SELECTOR = YES;
				GCC_WARN_UNINITIALIZED_AUTOS = YES_AGGRESSIVE;
				GCC_WARN_UNUSED_FUNCTION = YES;
				GCC_WARN_UNUSED_VARIABLE = YES;
				IPHONEOS_DEPLOYMENT_TARGET = 17.2;
				LOCALIZATION_PREFERS_STRING_CATALOGS = YES;
				MTL_ENABLE_DEBUG_INFO = NO;
				MTL_FAST_MATH = YES;
				SDKROOT = iphoneos;
				SWIFT_COMPILATION_MODE = wholemodule;
				VALIDATE_PRODUCT = YES;
			};
			name = Release;
		};
		5577FACD2B7135C600F6E106 /* Debug */ = {
			isa = XCBuildConfiguration;
			buildSettings = {
				ASSETCATALOG_COMPILER_APPICON_NAME = AppIcon;
				ASSETCATALOG_COMPILER_GLOBAL_ACCENT_COLOR_NAME = AccentColor;
				CODE_SIGN_STYLE = Automatic;
				CURRENT_PROJECT_VERSION = 1;
				DEVELOPMENT_ASSET_PATHS = "\"WorldOfPAYBACK/Preview Content\"";
				DEVELOPMENT_TEAM = 6UKGANHQB6;
				ENABLE_PREVIEWS = YES;
				GENERATE_INFOPLIST_FILE = YES;
				INFOPLIST_KEY_UIApplicationSceneManifest_Generation = YES;
				INFOPLIST_KEY_UIApplicationSupportsIndirectInputEvents = YES;
				INFOPLIST_KEY_UILaunchScreen_Generation = YES;
				INFOPLIST_KEY_UISupportedInterfaceOrientations_iPad = "UIInterfaceOrientationPortrait UIInterfaceOrientationPortraitUpsideDown UIInterfaceOrientationLandscapeLeft UIInterfaceOrientationLandscapeRight";
				INFOPLIST_KEY_UISupportedInterfaceOrientations_iPhone = "UIInterfaceOrientationPortrait UIInterfaceOrientationLandscapeLeft UIInterfaceOrientationLandscapeRight";
				LD_RUNPATH_SEARCH_PATHS = (
					"$(inherited)",
					"@executable_path/Frameworks",
				);
				MARKETING_VERSION = 1.0;
				PRODUCT_BUNDLE_IDENTIFIER = com.anlebedev.WorldOfPAYBACK;
				PRODUCT_NAME = "$(TARGET_NAME)";
				SWIFT_EMIT_LOC_STRINGS = YES;
				SWIFT_VERSION = 5.0;
				TARGETED_DEVICE_FAMILY = "1,2";
			};
			name = Debug;
		};
		5577FACE2B7135C600F6E106 /* Release */ = {
			isa = XCBuildConfiguration;
			buildSettings = {
				ASSETCATALOG_COMPILER_APPICON_NAME = AppIcon;
				ASSETCATALOG_COMPILER_GLOBAL_ACCENT_COLOR_NAME = AccentColor;
				CODE_SIGN_STYLE = Automatic;
				CURRENT_PROJECT_VERSION = 1;
				DEVELOPMENT_ASSET_PATHS = "\"WorldOfPAYBACK/Preview Content\"";
				DEVELOPMENT_TEAM = 6UKGANHQB6;
				ENABLE_PREVIEWS = YES;
				GENERATE_INFOPLIST_FILE = YES;
				INFOPLIST_KEY_UIApplicationSceneManifest_Generation = YES;
				INFOPLIST_KEY_UIApplicationSupportsIndirectInputEvents = YES;
				INFOPLIST_KEY_UILaunchScreen_Generation = YES;
				INFOPLIST_KEY_UISupportedInterfaceOrientations_iPad = "UIInterfaceOrientationPortrait UIInterfaceOrientationPortraitUpsideDown UIInterfaceOrientationLandscapeLeft UIInterfaceOrientationLandscapeRight";
				INFOPLIST_KEY_UISupportedInterfaceOrientations_iPhone = "UIInterfaceOrientationPortrait UIInterfaceOrientationLandscapeLeft UIInterfaceOrientationLandscapeRight";
				LD_RUNPATH_SEARCH_PATHS = (
					"$(inherited)",
					"@executable_path/Frameworks",
				);
				MARKETING_VERSION = 1.0;
				PRODUCT_BUNDLE_IDENTIFIER = com.anlebedev.WorldOfPAYBACK;
				PRODUCT_NAME = "$(TARGET_NAME)";
				SWIFT_EMIT_LOC_STRINGS = YES;
				SWIFT_VERSION = 5.0;
				TARGETED_DEVICE_FAMILY = "1,2";
			};
			name = Release;
		};
/* End XCBuildConfiguration section */

/* Begin XCConfigurationList section */
		5577FAB92B7135C300F6E106 /* Build configuration list for PBXProject "WorldOfPAYBACK" */ = {
			isa = XCConfigurationList;
			buildConfigurations = (
				5577FACA2B7135C600F6E106 /* Debug */,
				5577FACB2B7135C600F6E106 /* Release */,
			);
			defaultConfigurationIsVisible = 0;
			defaultConfigurationName = Release;
		};
		5577FACC2B7135C600F6E106 /* Build configuration list for PBXNativeTarget "WorldOfPAYBACK" */ = {
			isa = XCConfigurationList;
			buildConfigurations = (
				5577FACD2B7135C600F6E106 /* Debug */,
				5577FACE2B7135C600F6E106 /* Release */,
			);
			defaultConfigurationIsVisible = 0;
			defaultConfigurationName = Release;
		};
/* End XCConfigurationList section */
	};
	rootObject = 5577FAB62B7135C300F6E106 /* Project object */;
}
